version = 1
revision = 3
requires-python = ">=3.13"

[[package]]
name = "asgiref"
version = "3.9.1"
source = { registry = "https://us-python.pkg.dev/artifact-foundry-prod/ah-3p-staging-python/simple/" }
sdist = { url = "https://us-python.pkg.dev/artifact-foundry-prod/ah-3p-staging-python/asgiref/asgiref-3.9.1.tar.gz", hash = "sha256:a5ab6582236218e5ef1648f242fd9f10626cfd4de8dc377db215d5d5098e3142" }
wheels = [
    { url = "https://us-python.pkg.dev/artifact-foundry-prod/ah-3p-staging-python/asgiref/asgiref-3.9.1-py3-none-any.whl", hash = "sha256:f3bba7092a48005b5f5bacd747d36ee4a5a61f4a269a6df590b43144355ebd2c" },
]

[[package]]
name = "django"
version = "5.2.4"
source = { registry = "https://us-python.pkg.dev/artifact-foundry-prod/ah-3p-staging-python/simple/" }
dependencies = [
    { name = "asgiref" },
    { name = "sqlparse" },
    { name = "tzdata", marker = "sys_platform == 'win32'" },
]
sdist = { url = "https://us-python.pkg.dev/artifact-foundry-prod/ah-3p-staging-python/django/django-5.2.4.tar.gz", hash = "sha256:a1228c384f8fa13eebc015196db7b3e08722c5058d4758d20cb287503a540d8f" }
wheels = [
    { url = "https://us-python.pkg.dev/artifact-foundry-prod/ah-3p-staging-python/django/django-5.2.4-py3-none-any.whl", hash = "sha256:60c35bd96201b10c6e7a78121bd0da51084733efa303cc19ead021ab179cef5e" },
]

[[package]]
name = "django-browser-reload"
version = "1.21.0"
source = { registry = "https://us-python.pkg.dev/artifact-foundry-prod/ah-3p-staging-python/simple/" }
dependencies = [
    { name = "asgiref" },
    { name = "django" },
]
sdist = { url = "https://us-python.pkg.dev/artifact-foundry-prod/ah-3p-staging-python/django-browser-reload/django_browser_reload-1.21.0.tar.gz", hash = "sha256:3335ad3d107eb657f623d1a8e680dfbcab8a83ae1f94df1895e069dddf5604ba" }
wheels = [
    { url = "https://us-python.pkg.dev/artifact-foundry-prod/ah-3p-staging-python/django-browser-reload/django_browser_reload-1.21.0-py3-none-any.whl", hash = "sha256:0b2a86ab460774fa9bb142a121c70e75a72f18109f51a4f6de409cd633d3a70d" },
]

[[package]]
name = "django-components"
version = "0.141.5"
source = { registry = "https://us-python.pkg.dev/artifact-foundry-prod/ah-3p-staging-python/simple/" }
dependencies = [
    { name = "django" },
    { name = "djc-core-html-parser" },
    { name = "typing-extensions" },
]
sdist = { url = "https://us-python.pkg.dev/artifact-foundry-prod/ah-3p-staging-python/django-components/django_components-0.141.5.tar.gz", hash = "sha256:69b31956e7c072a9e0a778ca9f52b8078755a17a87ac020fcf28550f4aee9959" }
wheels = [
    { url = "https://us-python.pkg.dev/artifact-foundry-prod/ah-3p-staging-python/django-components/django_components-0.141.5-py3-none-any.whl", hash = "sha256:ec6bcd2b6f0790ec7eb9386763b555e9294f43e837edd8e0d553b547afa7e06f" },
]

[[package]]
name = "django-cors-headers"
version = "4.9.0"
source = { registry = "https://us-python.pkg.dev/artifact-foundry-prod/ah-3p-staging-python/simple/" }
dependencies = [
    { name = "asgiref" },
    { name = "django" },
]
sdist = { url = "https://us-python.pkg.dev/artifact-foundry-prod/ah-3p-staging-python/django-cors-headers/django_cors_headers-4.9.0.tar.gz", hash = "sha256:fe5d7cb59fdc2c8c646ce84b727ac2bca8912a247e6e68e1fb507372178e59e8" }
wheels = [
    { url = "https://us-python.pkg.dev/artifact-foundry-prod/ah-3p-staging-python/django-cors-headers/django_cors_headers-4.9.0-py3-none-any.whl", hash = "sha256:15c7f20727f90044dcee2216a9fd7303741a864865f0c3657e28b7056f61b449" },
]

[[package]]
name = "djangorestframework"
version = "3.16.1"
source = { registry = "https://us-python.pkg.dev/artifact-foundry-prod/ah-3p-staging-python/simple/" }
dependencies = [
    { name = "django" },
]
sdist = { url = "https://us-python.pkg.dev/artifact-foundry-prod/ah-3p-staging-python/djangorestframework/djangorestframework-3.16.1.tar.gz", hash = "sha256:166809528b1aced0a17dc66c24492af18049f2c9420dbd0be29422029cfc3ff7" }
wheels = [
    { url = "https://us-python.pkg.dev/artifact-foundry-prod/ah-3p-staging-python/djangorestframework/djangorestframework-3.16.1-py3-none-any.whl", hash = "sha256:33a59f47fb9c85ede792cbf88bde71893bcda0667bc573f784649521f1102cec" },
]

[[package]]
name = "djc-core-html-parser"
version = "1.0.3"
source = { registry = "https://us-python.pkg.dev/artifact-foundry-prod/ah-3p-staging-python/simple/" }
sdist = { url = "https://us-python.pkg.dev/artifact-foundry-prod/ah-3p-staging-python/djc-core-html-parser/djc_core_html_parser-1.0.3.tar.gz", hash = "sha256:735c556440d029739d82b6f69a4c152a2a352c9355166dd5778cc42e664d715f" }
wheels = [
    { url = "https://us-python.pkg.dev/artifact-foundry-prod/ah-3p-staging-python/djc-core-html-parser/djc_core_html_parser-1.0.3-cp313-cp313-macosx_10_12_x86_64.whl", hash = "sha256:dc52483ff89ca8ea138b644f523093a95b0acac728492ae77784964301d84d03" },
    { url = "https://us-python.pkg.dev/artifact-foundry-prod/ah-3p-staging-python/djc-core-html-parser/djc_core_html_parser-1.0.3-cp313-cp313-macosx_11_0_arm64.whl", hash = "sha256:415669c20919832759b7e18dffc79916afd9a6f18b9dabe3c05ff94ffc1994b7" },
    { url = "https://us-python.pkg.dev/artifact-foundry-prod/ah-3p-staging-python/djc-core-html-parser/djc_core_html_parser-1.0.3-cp313-cp313-manylinux_2_17_aarch64.manylinux2014_aarch64.whl", hash = "sha256:1f45a8221bbf6d20707f39bd35ac1decc9bd80d3c38e3a6ed45bcb81343da9cc" },
    { url = "https://us-python.pkg.dev/artifact-foundry-prod/ah-3p-staging-python/djc-core-html-parser/djc_core_html_parser-1.0.3-cp313-cp313-manylinux_2_17_armv7l.manylinux2014_armv7l.whl", hash = "sha256:2892382cbb6a0710d1e4a53bcce53d16517ec75f36a8e64afbe4d428c735691d" },
    { url = "https://us-python.pkg.dev/artifact-foundry-prod/ah-3p-staging-python/djc-core-html-parser/djc_core_html_parser-1.0.3-cp313-cp313-manylinux_2_17_ppc64le.manylinux2014_ppc64le.whl", hash = "sha256:e5fd86fb7fb9379ee9716381882fd0f8cfe022ed136aababcdbe35f37c691f6f" },
    { url = "https://us-python.pkg.dev/artifact-foundry-prod/ah-3p-staging-python/djc-core-html-parser/djc_core_html_parser-1.0.3-cp313-cp313-manylinux_2_17_s390x.manylinux2014_s390x.whl", hash = "sha256:a552e76011dfccff1a0bed771fb70b0077c088128ab9786b341ce417623e9258" },
    { url = "https://us-python.pkg.dev/artifact-foundry-prod/ah-3p-staging-python/djc-core-html-parser/djc_core_html_parser-1.0.3-cp313-cp313-manylinux_2_17_x86_64.manylinux2014_x86_64.whl", hash = "sha256:467c348009ad4c065ecde94695b7df5fad8684fab05788017af803943ee84699" },
    { url = "https://us-python.pkg.dev/artifact-foundry-prod/ah-3p-staging-python/djc-core-html-parser/djc_core_html_parser-1.0.3-cp313-cp313-manylinux_2_5_i686.manylinux1_i686.whl", hash = "sha256:96d09066ab5b2b927bdcfb1f080b8fa8760588ed5bd55b6287a79fdb8e6a5bca" },
    { url = "https://us-python.pkg.dev/artifact-foundry-prod/ah-3p-staging-python/djc-core-html-parser/djc_core_html_parser-1.0.3-cp313-cp313-musllinux_1_2_aarch64.whl", hash = "sha256:01a00fb36f0bc93c192a50b6ce9207abd384be5618e21657bc6ac05f20446fad" },
    { url = "https://us-python.pkg.dev/artifact-foundry-prod/ah-3p-staging-python/djc-core-html-parser/djc_core_html_parser-1.0.3-cp313-cp313-musllinux_1_2_armv7l.whl", hash = "sha256:8239f507636f3d58dddb2dc6b139c9238ffb922b73e70480aa7828d3b8630731" },
    { url = "https://us-python.pkg.dev/artifact-foundry-prod/ah-3p-staging-python/djc-core-html-parser/djc_core_html_parser-1.0.3-cp313-cp313-musllinux_1_2_i686.whl", hash = "sha256:5201233706afc996eacd9e90a1ed4d5a566866aecbb692a54d32028c8e61ed76" },
    { url = "https://us-python.pkg.dev/artifact-foundry-prod/ah-3p-staging-python/djc-core-html-parser/djc_core_html_parser-1.0.3-cp313-cp313-musllinux_1_2_x86_64.whl", hash = "sha256:b8989260e7b5d87d49248b2cc40ca81de960aeaa23e8edadedba535ee796a5c0" },
    { url = "https://us-python.pkg.dev/artifact-foundry-prod/ah-3p-staging-python/djc-core-html-parser/djc_core_html_parser-1.0.3-cp313-cp313-win_amd64.whl", hash = "sha256:7b66aaafb843a7848ce75ca0cfd025fb1c6e0f658548ee9654d919d695484c83" },
    { url = "https://us-python.pkg.dev/artifact-foundry-prod/ah-3p-staging-python/djc-core-html-parser/djc_core_html_parser-1.0.3-cp313-cp313t-manylinux_2_17_aarch64.manylinux2014_aarch64.whl", hash = "sha256:5524faa9500c3286f4a2722549df48c9b76d47211e4804c79dccd2a553acb3b6" },
    { url = "https://us-python.pkg.dev/artifact-foundry-prod/ah-3p-staging-python/djc-core-html-parser/djc_core_html_parser-1.0.3-cp313-cp313t-manylinux_2_17_armv7l.manylinux2014_armv7l.whl", hash = "sha256:7328ebabc8c596a7088dcb97ac6d94796978b7cbf6b14713ccf8ae4614aac1cb" },
    { url = "https://us-python.pkg.dev/artifact-foundry-prod/ah-3p-staging-python/djc-core-html-parser/djc_core_html_parser-1.0.3-cp313-cp313t-manylinux_2_17_ppc64le.manylinux2014_ppc64le.whl", hash = "sha256:8898a54528b59433f4a0fc62198da90e02842b7072f549c09c95b0d2b69f95c2" },
    { url = "https://us-python.pkg.dev/artifact-foundry-prod/ah-3p-staging-python/djc-core-html-parser/djc_core_html_parser-1.0.3-cp313-cp313t-manylinux_2_17_s390x.manylinux2014_s390x.whl", hash = "sha256:7dbd87ae6aabfecbb9534091e75e0c6577a794f44da4a04c8b802138999f0b58" },
    { url = "https://us-python.pkg.dev/artifact-foundry-prod/ah-3p-staging-python/djc-core-html-parser/djc_core_html_parser-1.0.3-cp313-cp313t-musllinux_1_2_aarch64.whl", hash = "sha256:c8267af6c9804f63ce6bcb4c9bfdc32685fdbfe71ffb186b796e66ce7880e755" },
    { url = "https://us-python.pkg.dev/artifact-foundry-prod/ah-3p-staging-python/djc-core-html-parser/djc_core_html_parser-1.0.3-cp313-cp313t-musllinux_1_2_armv7l.whl", hash = "sha256:d6f7e17cd71fa03f9f87d161844ca91a4d15c96991af8a0e5a6ec7cbee3e32c7" },
    { url = "https://us-python.pkg.dev/artifact-foundry-prod/ah-3p-staging-python/djc-core-html-parser/djc_core_html_parser-1.0.3-cp313-cp313t-musllinux_1_2_i686.whl", hash = "sha256:f4d7dc89387c97776f2e79c7d4ee60ef271c59ef90675579ca442dde4bf8b2f8" },
    { url = "https://us-python.pkg.dev/artifact-foundry-prod/ah-3p-staging-python/djc-core-html-parser/djc_core_html_parser-1.0.3-cp313-cp313t-musllinux_1_2_x86_64.whl", hash = "sha256:42978d265dc8931c93e5a62d2968108fe4999b236643e516178eecf83cb1f5c7" },
    { url = "https://us-python.pkg.dev/artifact-foundry-prod/ah-3p-staging-python/djc-core-html-parser/djc_core_html_parser-1.0.3-cp314-cp314-macosx_10_12_x86_64.whl", hash = "sha256:fc7a451cd93f41670f625fa16cabd4d6fcf139167149a957c1dcf671304ac832" },
    { url = "https://us-python.pkg.dev/artifact-foundry-prod/ah-3p-staging-python/djc-core-html-parser/djc_core_html_parser-1.0.3-cp314-cp314-macosx_11_0_arm64.whl", hash = "sha256:99d536a8f2c75a8d25b8976f70a0dbb429983c61ff0db40b93c2c25f86ebed1d" },
    { url = "https://us-python.pkg.dev/artifact-foundry-prod/ah-3p-staging-python/djc-core-html-parser/djc_core_html_parser-1.0.3-cp314-cp314-manylinux_2_17_x86_64.manylinux2014_x86_64.whl", hash = "sha256:8f6578c8b7356bb6eef01a7b335e1cdedc589cabdd504ca473c178ea6866a925" },
    { url = "https://us-python.pkg.dev/artifact-foundry-prod/ah-3p-staging-python/djc-core-html-parser/djc_core_html_parser-1.0.3-cp314-cp314-manylinux_2_5_i686.manylinux1_i686.whl", hash = "sha256:b2a0f574c75ac6f92dd9138e0f0464e11e02d7ce9ff136227737c78bf44a04af" },
    { url = "https://us-python.pkg.dev/artifact-foundry-prod/ah-3p-staging-python/djc-core-html-parser/djc_core_html_parser-1.0.3-cp314-cp314-win32.whl", hash = "sha256:3dabb5e14deb1278396744facaf2186fbbaa0770a569f0f8f2ed79b220d4df43" },
    { url = "https://us-python.pkg.dev/artifact-foundry-prod/ah-3p-staging-python/djc-core-html-parser/djc_core_html_parser-1.0.3-cp314-cp314-win_amd64.whl", hash = "sha256:6b01b01a6e073780a75d5bba4ae8c5fe60c66025a860c7ca17e9493b6fd18c83" },
]

[[package]]
name = "gunicorn"
version = "21.2.0"
source = { registry = "https://us-python.pkg.dev/artifact-foundry-prod/ah-3p-staging-python/simple/" }
dependencies = [
    { name = "packaging" },
]
sdist = { url = "https://us-python.pkg.dev/artifact-foundry-prod/ah-3p-staging-python/gunicorn/gunicorn-21.2.0.tar.gz", hash = "sha256:88ec8bff1d634f98e61b9f65bc4bf3cd918a90806c6f5c48bc5603849ec81033" }
wheels = [
    { url = "https://us-python.pkg.dev/artifact-foundry-prod/ah-3p-staging-python/gunicorn/gunicorn-21.2.0-py3-none-any.whl", hash = "sha256:3213aa5e8c24949e792bcacfc176fef362e7aac80b76c56f6b5122bf350722f0" },
]

[[package]]
name = "omiver-website"
version = "0.1.0"
source = { virtual = "." }
dependencies = [
    { name = "asgiref" },
    { name = "django" },
    { name = "django-browser-reload" },
    { name = "django-components" },
    { name = "django-cors-headers" },
    { name = "djangorestframework" },
    { name = "gunicorn" },
    { name = "pillow" },
    { name = "psycopg2-binary" },
    { name = "python-dotenv" },
    { name = "sqlparse" },
]

[package.metadata]
requires-dist = [
    { name = "asgiref", specifier = "==3.9.1" },
    { name = "django", specifier = "==5.2.4" },
    { name = "django-browser-reload", specifier = "==1.21.0" },
    { name = "django-components", specifier = "==0.141.5" },
    { name = "django-cors-headers", specifier = ">=4.9.0" },
    { name = "djangorestframework", specifier = "==3.16.1" },
    { name = "gunicorn", specifier = "==21.2.0" },
    { name = "pillow", specifier = "==11.3.0" },
    { name = "psycopg2-binary", specifier = "==2.9.10" },
    { name = "python-dotenv", specifier = "==1.1.1" },
    { name = "sqlparse", specifier = "==0.5.3" },
]

[[package]]
name = "packaging"
version = "25.0"
source = { registry = "https://us-python.pkg.dev/artifact-foundry-prod/ah-3p-staging-python/simple/" }
sdist = { url = "https://us-python.pkg.dev/artifact-foundry-prod/ah-3p-staging-python/packaging/packaging-25.0.tar.gz", hash = "sha256:d443872c98d677bf60f6a1f2f8c1cb748e8fe762d2bf9d3148b5599295b0fc4f" }
wheels = [
    { url = "https://us-python.pkg.dev/artifact-foundry-prod/ah-3p-staging-python/packaging/packaging-25.0-py3-none-any.whl", hash = "sha256:29572ef2b1f17581046b3a2227d5c611fb25ec70ca1ba8554b24b0e69331a484" },
]

[[package]]
name = "pillow"
version = "11.3.0"
source = { registry = "https://us-python.pkg.dev/artifact-foundry-prod/ah-3p-staging-python/simple/" }
sdist = { url = "https://us-python.pkg.dev/artifact-foundry-prod/ah-3p-staging-python/pillow/pillow-11.3.0.tar.gz", hash = "sha256:3828ee7586cd0b2091b6209e5ad53e20d0649bbe87164a459d0676e035e8f523" }
wheels = [
    { url = "https://us-python.pkg.dev/artifact-foundry-prod/ah-3p-staging-python/pillow/pillow-11.3.0-cp313-cp313-ios_13_0_arm64_iphoneos.whl", hash = "sha256:1c627742b539bba4309df89171356fcb3cc5a9178355b2727d1b74a6cf155fbd" },
    { url = "https://us-python.pkg.dev/artifact-foundry-prod/ah-3p-staging-python/pillow/pillow-11.3.0-cp313-cp313-ios_13_0_arm64_iphonesimulator.whl", hash = "sha256:30b7c02f3899d10f13d7a48163c8969e4e653f8b43416d23d13d1bbfdc93b9f8" },
    { url = "https://us-python.pkg.dev/artifact-foundry-prod/ah-3p-staging-python/pillow/pillow-11.3.0-cp313-cp313-ios_13_0_x86_64_iphonesimulator.whl", hash = "sha256:7859a4cc7c9295f5838015d8cc0a9c215b77e43d07a25e460f35cf516df8626f" },
    { url = "https://us-python.pkg.dev/artifact-foundry-prod/ah-3p-staging-python/pillow/pillow-11.3.0-cp313-cp313-macosx_10_13_x86_64.whl", hash = "sha256:ec1ee50470b0d050984394423d96325b744d55c701a439d2bd66089bff963d3c" },
    { url = "https://us-python.pkg.dev/artifact-foundry-prod/ah-3p-staging-python/pillow/pillow-11.3.0-cp313-cp313-macosx_11_0_arm64.whl", hash = "sha256:7db51d222548ccfd274e4572fdbf3e810a5e66b00608862f947b163e613b67dd" },
    { url = "https://us-python.pkg.dev/artifact-foundry-prod/ah-3p-staging-python/pillow/pillow-11.3.0-cp313-cp313-manylinux2014_aarch64.manylinux_2_17_aarch64.whl", hash = "sha256:2d6fcc902a24ac74495df63faad1884282239265c6839a0a6416d33faedfae7e" },
    { url = "https://us-python.pkg.dev/artifact-foundry-prod/ah-3p-staging-python/pillow/pillow-11.3.0-cp313-cp313-manylinux2014_x86_64.manylinux_2_17_x86_64.whl", hash = "sha256:f0f5d8f4a08090c6d6d578351a2b91acf519a54986c055af27e7a93feae6d3f1" },
    { url = "https://us-python.pkg.dev/artifact-foundry-prod/ah-3p-staging-python/pillow/pillow-11.3.0-cp313-cp313-manylinux_2_27_aarch64.manylinux_2_28_aarch64.whl", hash = "sha256:c37d8ba9411d6003bba9e518db0db0c58a680ab9fe5179f040b0463644bc9805" },
    { url = "https://us-python.pkg.dev/artifact-foundry-prod/ah-3p-staging-python/pillow/pillow-11.3.0-cp313-cp313-manylinux_2_27_x86_64.manylinux_2_28_x86_64.whl", hash = "sha256:13f87d581e71d9189ab21fe0efb5a23e9f28552d5be6979e84001d3b8505abe8" },
    { url = "https://us-python.pkg.dev/artifact-foundry-prod/ah-3p-staging-python/pillow/pillow-11.3.0-cp313-cp313-musllinux_1_2_aarch64.whl", hash = "sha256:023f6d2d11784a465f09fd09a34b150ea4672e85fb3d05931d89f373ab14abb2" },
    { url = "https://us-python.pkg.dev/artifact-foundry-prod/ah-3p-staging-python/pillow/pillow-11.3.0-cp313-cp313-musllinux_1_2_x86_64.whl", hash = "sha256:45dfc51ac5975b938e9809451c51734124e73b04d0f0ac621649821a63852e7b" },
    { url = "https://us-python.pkg.dev/artifact-foundry-prod/ah-3p-staging-python/pillow/pillow-11.3.0-cp313-cp313-win32.whl", hash = "sha256:a4d336baed65d50d37b88ca5b60c0fa9d81e3a87d4a7930d3880d1624d5b31f3" },
    { url = "https://us-python.pkg.dev/artifact-foundry-prod/ah-3p-staging-python/pillow/pillow-11.3.0-cp313-cp313-win_amd64.whl", hash = "sha256:0bce5c4fd0921f99d2e858dc4d4d64193407e1b99478bc5cacecba2311abde51" },
    { url = "https://us-python.pkg.dev/artifact-foundry-prod/ah-3p-staging-python/pillow/pillow-11.3.0-cp313-cp313-win_arm64.whl", hash = "sha256:1904e1264881f682f02b7f8167935cce37bc97db457f8e7849dc3a6a52b99580" },
    { url = "https://us-python.pkg.dev/artifact-foundry-prod/ah-3p-staging-python/pillow/pillow-11.3.0-cp313-cp313t-macosx_10_13_x86_64.whl", hash = "sha256:4c834a3921375c48ee6b9624061076bc0a32a60b5532b322cc0ea64e639dd50e" },
    { url = "https://us-python.pkg.dev/artifact-foundry-prod/ah-3p-staging-python/pillow/pillow-11.3.0-cp313-cp313t-macosx_11_0_arm64.whl", hash = "sha256:5e05688ccef30ea69b9317a9ead994b93975104a677a36a8ed8106be9260aa6d" },
    { url = "https://us-python.pkg.dev/artifact-foundry-prod/ah-3p-staging-python/pillow/pillow-11.3.0-cp313-cp313t-manylinux2014_aarch64.manylinux_2_17_aarch64.whl", hash = "sha256:1019b04af07fc0163e2810167918cb5add8d74674b6267616021ab558dc98ced" },
    { url = "https://us-python.pkg.dev/artifact-foundry-prod/ah-3p-staging-python/pillow/pillow-11.3.0-cp313-cp313t-manylinux2014_x86_64.manylinux_2_17_x86_64.whl", hash = "sha256:f944255db153ebb2b19c51fe85dd99ef0ce494123f21b9db4877ffdfc5590c7c" },
    { url = "https://us-python.pkg.dev/artifact-foundry-prod/ah-3p-staging-python/pillow/pillow-11.3.0-cp313-cp313t-manylinux_2_27_aarch64.manylinux_2_28_aarch64.whl", hash = "sha256:1f85acb69adf2aaee8b7da124efebbdb959a104db34d3a2cb0f3793dbae422a8" },
    { url = "https://us-python.pkg.dev/artifact-foundry-prod/ah-3p-staging-python/pillow/pillow-11.3.0-cp313-cp313t-manylinux_2_27_x86_64.manylinux_2_28_x86_64.whl", hash = "sha256:05f6ecbeff5005399bb48d198f098a9b4b6bdf27b8487c7f38ca16eeb070cd59" },
    { url = "https://us-python.pkg.dev/artifact-foundry-prod/ah-3p-staging-python/pillow/pillow-11.3.0-cp313-cp313t-musllinux_1_2_aarch64.whl", hash = "sha256:a7bc6e6fd0395bc052f16b1a8670859964dbd7003bd0af2ff08342eb6e442cfe" },
    { url = "https://us-python.pkg.dev/artifact-foundry-prod/ah-3p-staging-python/pillow/pillow-11.3.0-cp313-cp313t-musllinux_1_2_x86_64.whl", hash = "sha256:83e1b0161c9d148125083a35c1c5a89db5b7054834fd4387499e06552035236c" },
    { url = "https://us-python.pkg.dev/artifact-foundry-prod/ah-3p-staging-python/pillow/pillow-11.3.0-cp313-cp313t-win32.whl", hash = "sha256:2a3117c06b8fb646639dce83694f2f9eac405472713fcb1ae887469c0d4f6788" },
    { url = "https://us-python.pkg.dev/artifact-foundry-prod/ah-3p-staging-python/pillow/pillow-11.3.0-cp313-cp313t-win_amd64.whl", hash = "sha256:857844335c95bea93fb39e0fa2726b4d9d758850b34075a7e3ff4f4fa3aa3b31" },
    { url = "https://us-python.pkg.dev/artifact-foundry-prod/ah-3p-staging-python/pillow/pillow-11.3.0-cp313-cp313t-win_arm64.whl", hash = "sha256:8797edc41f3e8536ae4b10897ee2f637235c94f27404cac7297f7b607dd0716e" },
    { url = "https://us-python.pkg.dev/artifact-foundry-prod/ah-3p-staging-python/pillow/pillow-11.3.0-cp314-cp314-macosx_10_13_x86_64.whl", hash = "sha256:d9da3df5f9ea2a89b81bb6087177fb1f4d1c7146d583a3fe5c672c0d94e55e12" },
    { url = "https://us-python.pkg.dev/artifact-foundry-prod/ah-3p-staging-python/pillow/pillow-11.3.0-cp314-cp314-macosx_11_0_arm64.whl", hash = "sha256:0b275ff9b04df7b640c59ec5a3cb113eefd3795a8df80bac69646ef699c6981a" },
    { url = "https://us-python.pkg.dev/artifact-foundry-prod/ah-3p-staging-python/pillow/pillow-11.3.0-cp314-cp314-manylinux2014_aarch64.manylinux_2_17_aarch64.whl", hash = "sha256:0743841cabd3dba6a83f38a92672cccbd69af56e3e91777b0ee7f4dba4385632" },
    { url = "https://us-python.pkg.dev/artifact-foundry-prod/ah-3p-staging-python/pillow/pillow-11.3.0-cp314-cp314-manylinux2014_x86_64.manylinux_2_17_x86_64.whl", hash = "sha256:2465a69cf967b8b49ee1b96d76718cd98c4e925414ead59fdf75cf0fd07df673" },
    { url = "https://us-python.pkg.dev/artifact-foundry-prod/ah-3p-staging-python/pillow/pillow-11.3.0-cp314-cp314-manylinux_2_27_aarch64.manylinux_2_28_aarch64.whl", hash = "sha256:41742638139424703b4d01665b807c6468e23e699e8e90cffefe291c5832b027" },
    { url = "https://us-python.pkg.dev/artifact-foundry-prod/ah-3p-staging-python/pillow/pillow-11.3.0-cp314-cp314-manylinux_2_27_x86_64.manylinux_2_28_x86_64.whl", hash = "sha256:93efb0b4de7e340d99057415c749175e24c8864302369e05914682ba642e5d77" },
    { url = "https://us-python.pkg.dev/artifact-foundry-prod/ah-3p-staging-python/pillow/pillow-11.3.0-cp314-cp314-musllinux_1_2_aarch64.whl", hash = "sha256:7966e38dcd0fa11ca390aed7c6f20454443581d758242023cf36fcb319b1a874" },
    { url = "https://us-python.pkg.dev/artifact-foundry-prod/ah-3p-staging-python/pillow/pillow-11.3.0-cp314-cp314-musllinux_1_2_x86_64.whl", hash = "sha256:98a9afa7b9007c67ed84c57c9e0ad86a6000da96eaa638e4f8abe5b65ff83f0a" },
    { url = "https://us-python.pkg.dev/artifact-foundry-prod/ah-3p-staging-python/pillow/pillow-11.3.0-cp314-cp314-win32.whl", hash = "sha256:02a723e6bf909e7cea0dac1b0e0310be9d7650cd66222a5f1c571455c0a45214" },
    { url = "https://us-python.pkg.dev/artifact-foundry-prod/ah-3p-staging-python/pillow/pillow-11.3.0-cp314-cp314-win_amd64.whl", hash = "sha256:a418486160228f64dd9e9efcd132679b7a02a5f22c982c78b6fc7dab3fefb635" },
    { url = "https://us-python.pkg.dev/artifact-foundry-prod/ah-3p-staging-python/pillow/pillow-11.3.0-cp314-cp314-win_arm64.whl", hash = "sha256:155658efb5e044669c08896c0c44231c5e9abcaadbc5cd3648df2f7c0b96b9a6" },
    { url = "https://us-python.pkg.dev/artifact-foundry-prod/ah-3p-staging-python/pillow/pillow-11.3.0-cp314-cp314t-macosx_10_13_x86_64.whl", hash = "sha256:59a03cdf019efbfeeed910bf79c7c93255c3d54bc45898ac2a4140071b02b4ae" },
    { url = "https://us-python.pkg.dev/artifact-foundry-prod/ah-3p-staging-python/pillow/pillow-11.3.0-cp314-cp314t-macosx_11_0_arm64.whl", hash = "sha256:f8a5827f84d973d8636e9dc5764af4f0cf2318d26744b3d902931701b0d46653" },
    { url = "https://us-python.pkg.dev/artifact-foundry-prod/ah-3p-staging-python/pillow/pillow-11.3.0-cp314-cp314t-manylinux2014_aarch64.manylinux_2_17_aarch64.whl", hash = "sha256:ee92f2fd10f4adc4b43d07ec5e779932b4eb3dbfbc34790ada5a6669bc095aa6" },
    { url = "https://us-python.pkg.dev/artifact-foundry-prod/ah-3p-staging-python/pillow/pillow-11.3.0-cp314-cp314t-manylinux2014_x86_64.manylinux_2_17_x86_64.whl", hash = "sha256:c96d333dcf42d01f47b37e0979b6bd73ec91eae18614864622d9b87bbd5bbf36" },
    { url = "https://us-python.pkg.dev/artifact-foundry-prod/ah-3p-staging-python/pillow/pillow-11.3.0-cp314-cp314t-manylinux_2_27_aarch64.manylinux_2_28_aarch64.whl", hash = "sha256:4c96f993ab8c98460cd0c001447bff6194403e8b1d7e149ade5f00594918128b" },
    { url = "https://us-python.pkg.dev/artifact-foundry-prod/ah-3p-staging-python/pillow/pillow-11.3.0-cp314-cp314t-manylinux_2_27_x86_64.manylinux_2_28_x86_64.whl", hash = "sha256:41342b64afeba938edb034d122b2dda5db2139b9a4af999729ba8818e0056477" },
    { url = "https://us-python.pkg.dev/artifact-foundry-prod/ah-3p-staging-python/pillow/pillow-11.3.0-cp314-cp314t-musllinux_1_2_aarch64.whl", hash = "sha256:068d9c39a2d1b358eb9f245ce7ab1b5c3246c7c8c7d9ba58cfa5b43146c06e50" },
    { url = "https://us-python.pkg.dev/artifact-foundry-prod/ah-3p-staging-python/pillow/pillow-11.3.0-cp314-cp314t-musllinux_1_2_x86_64.whl", hash = "sha256:a1bc6ba083b145187f648b667e05a2534ecc4b9f2784c2cbe3089e44868f2b9b" },
    { url = "https://us-python.pkg.dev/artifact-foundry-prod/ah-3p-staging-python/pillow/pillow-11.3.0-cp314-cp314t-win32.whl", hash = "sha256:118ca10c0d60b06d006be10a501fd6bbdfef559251ed31b794668ed569c87e12" },
    { url = "https://us-python.pkg.dev/artifact-foundry-prod/ah-3p-staging-python/pillow/pillow-11.3.0-cp314-cp314t-win_amd64.whl", hash = "sha256:8924748b688aa210d79883357d102cd64690e56b923a186f35a82cbc10f997db" },
    { url = "https://us-python.pkg.dev/artifact-foundry-prod/ah-3p-staging-python/pillow/pillow-11.3.0-cp314-cp314t-win_arm64.whl", hash = "sha256:79ea0d14d3ebad43ec77ad5272e6ff9bba5b679ef73375ea760261207fa8e0aa" },
]

[[package]]
name = "psycopg2-binary"
version = "2.9.10"
source = { registry = "https://us-python.pkg.dev/artifact-foundry-prod/ah-3p-staging-python/simple/" }
sdist = { url = "https://us-python.pkg.dev/artifact-foundry-prod/ah-3p-staging-python/psycopg2-binary/psycopg2-binary-2.9.10.tar.gz", hash = "sha256:4b3df0e6990aa98acda57d983942eff13d824135fe2250e6522edaa782a06de2" }
wheels = [
    { url = "https://us-python.pkg.dev/artifact-foundry-prod/ah-3p-staging-python/psycopg2-binary/psycopg2_binary-2.9.10-cp313-cp313-macosx_12_0_x86_64.whl", hash = "sha256:26540d4a9a4e2b096f1ff9cce51253d0504dca5a85872c7f7be23be5a53eb18d" },
    { url = "https://us-python.pkg.dev/artifact-foundry-prod/ah-3p-staging-python/psycopg2-binary/psycopg2_binary-2.9.10-cp313-cp313-macosx_14_0_arm64.whl", hash = "sha256:e217ce4d37667df0bc1c397fdcd8de5e81018ef305aed9415c3b093faaeb10fb" },
    { url = "https://us-python.pkg.dev/artifact-foundry-prod/ah-3p-staging-python/psycopg2-binary/psycopg2_binary-2.9.10-cp313-cp313-manylinux_2_17_aarch64.manylinux2014_aarch64.whl", hash = "sha256:245159e7ab20a71d989da00f280ca57da7641fa2cdcf71749c193cea540a74f7" },
    { url = "https://us-python.pkg.dev/artifact-foundry-prod/ah-3p-staging-python/psycopg2-binary/psycopg2_binary-2.9.10-cp313-cp313-manylinux_2_17_i686.manylinux2014_i686.whl", hash = "sha256:3c4ded1a24b20021ebe677b7b08ad10bf09aac197d6943bfe6fec70ac4e4690d" },
    { url = "https://us-python.pkg.dev/artifact-foundry-prod/ah-3p-staging-python/psycopg2-binary/psycopg2_binary-2.9.10-cp313-cp313-manylinux_2_17_ppc64le.manylinux2014_ppc64le.whl", hash = "sha256:3abb691ff9e57d4a93355f60d4f4c1dd2d68326c968e7db17ea96df3c023ef73" },
    { url = "https://us-python.pkg.dev/artifact-foundry-prod/ah-3p-staging-python/psycopg2-binary/psycopg2_binary-2.9.10-cp313-cp313-manylinux_2_17_x86_64.manylinux2014_x86_64.whl", hash = "sha256:8608c078134f0b3cbd9f89b34bd60a943b23fd33cc5f065e8d5f840061bd0673" },
    { url = "https://us-python.pkg.dev/artifact-foundry-prod/ah-3p-staging-python/psycopg2-binary/psycopg2_binary-2.9.10-cp313-cp313-musllinux_1_2_aarch64.whl", hash = "sha256:230eeae2d71594103cd5b93fd29d1ace6420d0b86f4778739cb1a5a32f607d1f" },
    { url = "https://us-python.pkg.dev/artifact-foundry-prod/ah-3p-staging-python/psycopg2-binary/psycopg2_binary-2.9.10-cp313-cp313-musllinux_1_2_i686.whl", hash = "sha256:bb89f0a835bcfc1d42ccd5f41f04870c1b936d8507c6df12b7737febc40f0909" },
    { url = "https://us-python.pkg.dev/artifact-foundry-prod/ah-3p-staging-python/psycopg2-binary/psycopg2_binary-2.9.10-cp313-cp313-musllinux_1_2_ppc64le.whl", hash = "sha256:f0c2d907a1e102526dd2986df638343388b94c33860ff3bbe1384130828714b1" },
    { url = "https://us-python.pkg.dev/artifact-foundry-prod/ah-3p-staging-python/psycopg2-binary/psycopg2_binary-2.9.10-cp313-cp313-musllinux_1_2_x86_64.whl", hash = "sha256:f8157bed2f51db683f31306aa497311b560f2265998122abe1dce6428bd86567" },
    { url = "https://us-python.pkg.dev/artifact-foundry-prod/ah-3p-staging-python/psycopg2-binary/psycopg2_binary-2.9.10-cp313-cp313-win_amd64.whl", hash = "sha256:27422aa5f11fbcd9b18da48373eb67081243662f9b46e6fd07c3eb46e4535142" },
]

[[package]]
name = "python-dotenv"
version = "1.1.1"
source = { registry = "https://us-python.pkg.dev/artifact-foundry-prod/ah-3p-staging-python/simple/" }
sdist = { url = "https://us-python.pkg.dev/artifact-foundry-prod/ah-3p-staging-python/python-dotenv/python_dotenv-1.1.1.tar.gz", hash = "sha256:a8a6399716257f45be6a007360200409fce5cda2661e3dec71d23dc15f6189ab" }
wheels = [
    { url = "https://us-python.pkg.dev/artifact-foundry-prod/ah-3p-staging-python/python-dotenv/python_dotenv-1.1.1-py3-none-any.whl", hash = "sha256:31f23644fe2602f88ff55e1f5c79ba497e01224ee7737937930c448e4d0e24dc" },
]

[[package]]
name = "sqlparse"
version = "0.5.3"
source = { registry = "https://us-python.pkg.dev/artifact-foundry-prod/ah-3p-staging-python/simple/" }
sdist = { url = "https://us-python.pkg.dev/artifact-foundry-prod/ah-3p-staging-python/sqlparse/sqlparse-0.5.3.tar.gz", hash = "sha256:09f67787f56a0b16ecdbde1bfc7f5d9c3371ca683cfeaa8e6ff60b4807ec9272" }
wheels = [
    { url = "https://us-python.pkg.dev/artifact-foundry-prod/ah-3p-staging-python/sqlparse/sqlparse-0.5.3-py3-none-any.whl", hash = "sha256:cf2196ed3418f3ba5de6af7e82c694a9fbdbfecccdfc72e281548517081f16ca" },
]

[[package]]
name = "typing-extensions"
version = "4.15.0"
source = { registry = "https://us-python.pkg.dev/artifact-foundry-prod/ah-3p-staging-python/simple/" }
sdist = { url = "https://us-python.pkg.dev/artifact-foundry-prod/ah-3p-staging-python/typing-extensions/typing_extensions-4.15.0.tar.gz", hash = "sha256:0cea48d173cc12fa28ecabc3b837ea3cf6f38c6d1136f85cbaaf598984861466" }
wheels = [
    { url = "https://us-python.pkg.dev/artifact-foundry-prod/ah-3p-staging-python/typing-extensions/typing_extensions-4.15.0-py3-none-any.whl", hash = "sha256:f0fa19c6845758ab08074a0cfa8b7aecb71c999ca73d62883bc25cc018c4e548" },
]

[[package]]
name = "tzdata"
version = "2025.2"
source = { registry = "https://us-python.pkg.dev/artifact-foundry-prod/ah-3p-staging-python/simple/" }
sdist = { url = "https://us-python.pkg.dev/artifact-foundry-prod/ah-3p-staging-python/tzdata/tzdata-2025.2.tar.gz", hash = "sha256:b60a638fcc0daffadf82fe0f57e53d06bdec2f36c4df66280ae79bce6bd6f2b9" }
wheels = [
    { url = "https://us-python.pkg.dev/artifact-foundry-prod/ah-3p-staging-python/tzdata/tzdata-2025.2-py2.py3-none-any.whl", hash = "sha256:1a403fada01ff9221ca8044d701868fa132215d84beb92242d9acd2147f667a8" },
]
